{
  "name": "innovation-hacks-devflow",
  "version": "2.1.0",
  "lockfileVersion": 3,
  "requires": true,
  "packages": {
    "": {
      "name": "innovation-hacks-devflow",
      "version": "2.1.0",
      "workspaces": [
        "Task1/dashboard",
        "Task2/users-projects-tasks-api",
        "Task3/persistent-data-layer",
        "Task4/ai-project-management-platform/backend",
        "Task4/ai-project-management-platform/frontend"
      ],
      "devDependencies": {
        "concurrently": "^9.1.2",
        "cross-env": "^7.0.3"
      }
    },
    "Task1/dashboard": {
      "name": "devflow-task1-dashboard",
      "version": "1.0.0",
      "dependencies": {
        "lucide-react": "^0.468.0",
        "react": "^18.3.1",
        "react-dom": "^18.3.1"
      },
      "devDependencies": {
        "@vitejs/plugin-react": "^4.3.4",
        "vite": "^5.4.11"
      }
    },
    "Task2/users-projects-tasks-api": {
      "name": "devflow-task2-api",
      "version": "1.0.0",
      "dependencies": {
        "cors": "^2.8.5",
        "dotenv": "^16.4.7",
        "express": "^5.1.0",
        "zod": "^3.24.1"
      }
    },
    "Task3/persistent-data-layer": {
      "name": "devflow-task3-persistent-api",
      "version": "1.0.0",
      "engines": {
        "node": ">=22.5"
      },
      "dependencies": {
        "cors": "^2.8.5",
        "dotenv": "^16.4.7",
        "express": "^5.1.0",
        "zod": "^3.24.1"
      }
    },
    "Task4/ai-project-management-platform/backend": {
      "name": "devflow-task4-backend",
      "version": "2.0.0",
      "engines": {
        "node": ">=22.5"
      },
      "dependencies": {
        "bcryptjs": "^2.4.3",
        "cors": "^2.8.5",
        "dotenv": "^16.4.7",
        "express": "^5.1.0",
        "jsonwebtoken": "^9.0.2",
        "zod": "^3.24.1"
      }
    },
    "Task4/ai-project-management-platform/frontend": {
      "name": "devflow-task4-frontend",
      "version": "2.0.0",
      "dependencies": {
        "lucide-react": "^0.468.0",
        "react": "^18.3.1",
        "react-dom": "^18.3.1",
        "react-router-dom": "^6.28.0"
      },
      "devDependencies": {
        "@vitejs/plugin-react": "^4.3.4",
        "vite": "^5.4.11"
      }
    }
  }
}
